
Microsoft Visual Studio Solution File, Format Version 12.00
# Visual Studio 14
VisualStudioVersion = 14.0.25420.1
MinimumVisualStudioVersion = 10.0.40219.1
Project("{FAE04EC0-301F-11D3-BF4B-00C04F79EFBC}") = "Integration.Erp", "Integration.Erp\Integration.Erp.csproj", "{753851B6-53F5-49FF-B5D9-FBF4B236373D}"
EndProject
Project("{FAE04EC0-301F-11D3-BF4B-00C04F79EFBC}") = "Integration.Erp.Lib", "Integration.Erp.Lib\Integration.Erp.Lib.csproj", "{422C26A3-DCB7-4392-A906-8E504DF91FCE}"
EndProject
Global
	GlobalSection(SolutionConfigurationPlatforms) = preSolution
		Debug|Any CPU = Debug|Any CPU
		Release|Any CPU = Release|Any CPU
	EndGlobalSection
	GlobalSection(ProjectConfigurationPlatforms) = postSolution
		{753851B6-53F5-49FF-B5D9-FBF4B236373D}.Debug|Any CPU.ActiveCfg = Debug|Any CPU
		{753851B6-53F5-49FF-B5D9-FBF4B236373D}.Debug|Any CPU.Build.0 = Debug|Any CPU
		{753851B6-53F5-49FF-B5D9-FBF4B236373D}.Release|Any CPU.ActiveCfg = Release|Any CPU
		{753851B6-53F5-49FF-B5D9-FBF4B236373D}.Release|Any CPU.Build.0 = Release|Any CPU
		{422C26A3-DCB7-4392-A906-8E504DF91FCE}.Debug|Any CPU.ActiveCfg = Debug|Any CPU
		{422C26A3-DCB7-4392-A906-8E504DF91FCE}.Debug|Any CPU.Build.0 = Debug|Any CPU
		{422C26A3-DCB7-4392-A906-8E504DF91FCE}.Release|Any CPU.ActiveCfg = Release|Any CPU
		{422C26A3-DCB7-4392-A906-8E504DF91FCE}.Release|Any CPU.Build.0 = Release|Any CPU
	EndGlobalSection
	GlobalSection(SolutionProperties) = preSolution
		HideSolutionNode = FALSE
	EndGlobalSection
EndGlobal
